{
  "name": "snarkjs-to-solana",
  "version": "1.0.0",
  "lockfileVersion": 3,
  "requires": true,
  "packages": {
    "": {
      "name": "snarkjs-to-solana",
      "version": "1.0.0",
      "license": "MIT",
      "dependencies": {
        "ffjavascript": "^0.3.1",
        "proofUtils": "file:./proof_utils/pkg",
        "typescript": "^5.8.3"
      },
      "engines": {
        "node": ">=14.0.0"
      }
    },
    "node_modules/ffjavascript": {
      "version": "0.3.1",
      "resolved": "https://registry.npmjs.org/ffjavascript/-/ffjavascript-0.3.1.tgz",
      "integrity": "sha512-4PbK1WYodQtuF47D4pRI5KUg3Q392vuP5WjE1THSnceHdXwU3ijaoS0OqxTzLknCtz4Z2TtABzkBdBdMn3B/Aw==",
      "license": "GPL-3.0",
      "dependencies": {
        "wasmbuilder": "0.0.16",
        "wasmcurves": "0.2.2",
        "web-worker": "1.2.0"
      }
    },
    "node_modules/proofUtils": {
      "resolved": "proof_utils/pkg",
      "link": true
    },
    "node_modules/typescript": {
      "version": "5.8.3",
      "resolved": "https://registry.npmjs.org/typescript/-/typescript-5.8.3.tgz",
      "integrity": "sha512-p1diW6TqL9L07nNxvRMM7hMMw4c5XOo/1ibL4aAIGmSAt9slTE1Xgw5KWuof2uTOvCg9BY7ZRi+GaF+7sfgPeQ==",
      "license": "Apache-2.0",
      "bin": {
        "tsc": "bin/tsc",
        "tsserver": "bin/tsserver"
      },
      "engines": {
        "node": ">=14.17"
      }
    },
    "node_modules/wasmbuilder": {
      "version": "0.0.16",
      "resolved": "https://registry.npmjs.org/wasmbuilder/-/wasmbuilder-0.0.16.tgz",
      "integrity": "sha512-Qx3lEFqaVvp1cEYW7Bfi+ebRJrOiwz2Ieu7ZG2l7YyeSJIok/reEQCQCuicj/Y32ITIJuGIM9xZQppGx5LrQdA==",
      "license": "GPL-3.0"
    },
    "node_modules/wasmcurves": {
      "version": "0.2.2",
      "resolved": "https://registry.npmjs.org/wasmcurves/-/wasmcurves-0.2.2.tgz",
      "integrity": "sha512-JRY908NkmKjFl4ytnTu5ED6AwPD+8VJ9oc94kdq7h5bIwbj0L4TDJ69mG+2aLs2SoCmGfqIesMWTEJjtYsoQXQ==",
      "license": "GPL-3.0",
      "dependencies": {
        "wasmbuilder": "0.0.16"
      }
    },
    "node_modules/web-worker": {
      "version": "1.2.0",
      "resolved": "https://registry.npmjs.org/web-worker/-/web-worker-1.2.0.tgz",
      "integrity": "sha512-PgF341avzqyx60neE9DD+XS26MMNMoUQRz9NOZwW32nPQrF6p77f1htcnjBSEV8BGMKZ16choqUG4hyI0Hx7mA==",
      "license": "Apache-2.0"
    },
    "proof_utils/pkg": {
      "name": "proof_utils",
      "version": "0.1.0"
    }
  }
}
